
Microsoft Visual Studio Solution File, Format Version 12.00
# Visual Studio Version 17
VisualStudioVersion = 17.13.35828.75
MinimumVisualStudioVersion = 10.0.40219.1
Project("{FAE04EC0-301F-11D3-BF4B-00C04F79EFBC}") = "SingalR.Web", "SingalR.Web\SingalR.Web.csproj", "{3979455F-1F0A-48A4-94EF-C77F5E6D879F}"
EndProject
Project("{FAE04EC0-301F-11D3-BF4B-00C04F79EFBC}") = "SignalRClientConsoleApp", "SignalRClientConsoleApp\SignalRClientConsoleApp.csproj", "{82BFDD95-74DC-4D7C-B5A8-09FE8AF55E0C}"
EndProject
Project("{FAE04EC0-301F-11D3-BF4B-00C04F79EFBC}") = "SignalRClientWorkerService", "SignalRClientWorkerService\SignalRClientWorkerService.csproj", "{841BD65E-16AF-4A33-9A56-0A11F7F51272}"
EndProject
Global
	GlobalSection(SolutionConfigurationPlatforms) = preSolution
		Debug|Any CPU = Debug|Any CPU
		Release|Any CPU = Release|Any CPU
	EndGlobalSection
	GlobalSection(ProjectConfigurationPlatforms) = postSolution
		{3979455F-1F0A-48A4-94EF-C77F5E6D879F}.Debug|Any CPU.ActiveCfg = Debug|Any CPU
		{3979455F-1F0A-48A4-94EF-C77F5E6D879F}.Debug|Any CPU.Build.0 = Debug|Any CPU
		{3979455F-1F0A-48A4-94EF-C77F5E6D879F}.Release|Any CPU.ActiveCfg = Release|Any CPU
		{3979455F-1F0A-48A4-94EF-C77F5E6D879F}.Release|Any CPU.Build.0 = Release|Any CPU
		{82BFDD95-74DC-4D7C-B5A8-09FE8AF55E0C}.Debug|Any CPU.ActiveCfg = Debug|Any CPU
		{82BFDD95-74DC-4D7C-B5A8-09FE8AF55E0C}.Debug|Any CPU.Build.0 = Debug|Any CPU
		{82BFDD95-74DC-4D7C-B5A8-09FE8AF55E0C}.Release|Any CPU.ActiveCfg = Release|Any CPU
		{82BFDD95-74DC-4D7C-B5A8-09FE8AF55E0C}.Release|Any CPU.Build.0 = Release|Any CPU
		{841BD65E-16AF-4A33-9A56-0A11F7F51272}.Debug|Any CPU.ActiveCfg = Debug|Any CPU
		{841BD65E-16AF-4A33-9A56-0A11F7F51272}.Debug|Any CPU.Build.0 = Debug|Any CPU
		{841BD65E-16AF-4A33-9A56-0A11F7F51272}.Release|Any CPU.ActiveCfg = Release|Any CPU
		{841BD65E-16AF-4A33-9A56-0A11F7F51272}.Release|Any CPU.Build.0 = Release|Any CPU
	EndGlobalSection
	GlobalSection(SolutionProperties) = preSolution
		HideSolutionNode = FALSE
	EndGlobalSection
	GlobalSection(ExtensibilityGlobals) = postSolution
		SolutionGuid = {245809FC-E2F4-45F7-B921-813C460C0224}
	EndGlobalSection
EndGlobal
